
Microsoft Visual Studio Solution File, Format Version 12.00
# Visual Studio Version 17
VisualStudioVersion = 17.3.32922.545
MinimumVisualStudioVersion = 10.0.40219.1
Project("{FAE04EC0-301F-11D3-BF4B-00C04F79EFBC}") = "NeoContact", "NeoContact.csproj", "{4D2586AB-E703-463F-BBCA-80DEB17E8640}"
EndProject
Global
	GlobalSection(SolutionConfigurationPlatforms) = preSolution
		Debug|Any CPU = Debug|Any CPU
		Release|Any CPU = Release|Any CPU
	EndGlobalSection
	GlobalSection(ProjectConfigurationPlatforms) = postSolution
		{4D2586AB-E703-463F-BBCA-80DEB17E8640}.Debug|Any CPU.ActiveCfg = Debug|Any CPU
		{4D2586AB-E703-463F-BBCA-80DEB17E8640}.Debug|Any CPU.Build.0 = Debug|Any CPU
		{4D2586AB-E703-463F-BBCA-80DEB17E8640}.Release|Any CPU.ActiveCfg = Release|Any CPU
		{4D2586AB-E703-463F-BBCA-80DEB17E8640}.Release|Any CPU.Build.0 = Release|Any CPU
	EndGlobalSection
	GlobalSection(SolutionProperties) = preSolution
		HideSolutionNode = FALSE
	EndGlobalSection
	GlobalSection(ExtensibilityGlobals) = postSolution
		SolutionGuid = {975E6526-0541-49B2-8139-EFF56CB2CFA7}
	EndGlobalSection
EndGlobal
